{
    "_readme": [
        "This file locks the dependencies of your project to a known state",
        "Read more about it at https://getcomposer.org/doc/01-basic-usage.md#installing-dependencies",
        "This file is @generated automatically"
    ],
    "content-hash": "deccd965bd87689d885eddcbf37739c0",
    "packages": [
        {
            "name": "kien/prestashop-api-lib",
            "version": "dev-hotfix/1.18.7",
            "source": {
                "type": "git",
                "url": "git@gitlab.jmango360.com:kien.pham/prestashop-api-lib.git",
                "reference": "f16e8de5639c3ecdf49fdaae68da32a81a89a3cb"
            },
            "type": "library",
            "license": [
                "proprietary"
            ],
            "description": "prestashop api library",
            "time": "2019-04-11T02:46:49+00:00"
        },
        {
            "name": "kien/prestashop-onepage-lib",
            "version": "dev-hotfix/1.18.7",
            "source": {
                "type": "git",
                "url": "git@gitlab.jmango360.com:kien.pham/prestashop-onepage-lib.git",
                "reference": "b14bb0f0f7a754a55477358907fefeb18be7b691"
            },
            "type": "library",
            "license": [
                "proprietary"
            ],
            "description": "prestashop onepage library",
            "time": "2019-04-10T08:43:16+00:00"
        }
    ],
    "packages-dev": [],
    "aliases": [],
    "minimum-stability": "dev",
    "stability-flags": {
        "kien/prestashop-api-lib": 20,
        "kien/prestashop-onepage-lib": 20
    },
    "prefer-stable": false,
    "prefer-lowest": false,
    "platform": {
        "php": ">=5.3.0"
    },
    "platform-dev": []
}
